Microsoft Visual Studio Solution File, Format Version 12.00
# Visual Studio Version 17
VisualStudioVersion = 17.5.2.0
MinimumVisualStudioVersion = 10.0.40219.1
Project("{FAE04EC0-301F-11D3-BF4B-00C04F79EFBC}") = "Medicare_API", "Medicare_API.csproj", "{5F9D5D34-DA69-DD36-F074-F41663C13822}"
EndProject
Global
	GlobalSection(SolutionConfigurationPlatforms) = preSolution
		Debug|Any CPU = Debug|Any CPU
		Release|Any CPU = Release|Any CPU
	EndGlobalSection
	GlobalSection(ProjectConfigurationPlatforms) = postSolution
		{5F9D5D34-DA69-DD36-F074-F41663C13822}.Debug|Any CPU.ActiveCfg = Debug|Any CPU
		{5F9D5D34-DA69-DD36-F074-F41663C13822}.Debug|Any CPU.Build.0 = Debug|Any CPU
		{5F9D5D34-DA69-DD36-F074-F41663C13822}.Release|Any CPU.ActiveCfg = Release|Any CPU
		{5F9D5D34-DA69-DD36-F074-F41663C13822}.Release|Any CPU.Build.0 = Release|Any CPU
	EndGlobalSection
	GlobalSection(SolutionProperties) = preSolution
		HideSolutionNode = FALSE
	EndGlobalSection
	GlobalSection(ExtensibilityGlobals) = postSolution
		SolutionGuid = {6D77CE6A-2A3F-461F-AFDE-82554C120BE4}
	EndGlobalSection
EndGlobal
